
Microsoft Visual Studio Solution File, Format Version 12.00
# Visual Studio Version 17
VisualStudioVersion = 17.10.35122.118
MinimumVisualStudioVersion = 10.0.40219.1
Project("{9A19103F-16F7-4668-BE54-9A1E7A4F7556}") = "BackEnd", "BackEnd\BackEnd.csproj", "{B0469DE7-217D-4453-AF0A-BBA7EA3519AC}"
EndProject
Project("{9A19103F-16F7-4668-BE54-9A1E7A4F7556}") = "BackEndTest", "BackEndTest\BackEndTest.csproj", "{07790725-64D0-4824-AC4F-06F361D6F3E5}"
EndProject
Project("{54A90642-561A-4BB1-A94E-469ADEE60C69}") = "FrontEnd", "FrontEnd\FrontEnd.esproj", "{BA9A90E8-5B8C-4913-967C-C8AF4701710C}"
EndProject
Global
	GlobalSection(SolutionConfigurationPlatforms) = preSolution
		Debug|Any CPU = Debug|Any CPU
		Release|Any CPU = Release|Any CPU
	EndGlobalSection
	GlobalSection(ProjectConfigurationPlatforms) = postSolution
		{B0469DE7-217D-4453-AF0A-BBA7EA3519AC}.Debug|Any CPU.ActiveCfg = Debug|Any CPU
		{B0469DE7-217D-4453-AF0A-BBA7EA3519AC}.Debug|Any CPU.Build.0 = Debug|Any CPU
		{B0469DE7-217D-4453-AF0A-BBA7EA3519AC}.Release|Any CPU.ActiveCfg = Release|Any CPU
		{B0469DE7-217D-4453-AF0A-BBA7EA3519AC}.Release|Any CPU.Build.0 = Release|Any CPU
		{07790725-64D0-4824-AC4F-06F361D6F3E5}.Debug|Any CPU.ActiveCfg = Debug|Any CPU
		{07790725-64D0-4824-AC4F-06F361D6F3E5}.Debug|Any CPU.Build.0 = Debug|Any CPU
		{07790725-64D0-4824-AC4F-06F361D6F3E5}.Release|Any CPU.ActiveCfg = Release|Any CPU
		{07790725-64D0-4824-AC4F-06F361D6F3E5}.Release|Any CPU.Build.0 = Release|Any CPU
		{BA9A90E8-5B8C-4913-967C-C8AF4701710C}.Debug|Any CPU.ActiveCfg = Debug|Any CPU
		{BA9A90E8-5B8C-4913-967C-C8AF4701710C}.Debug|Any CPU.Build.0 = Debug|Any CPU
		{BA9A90E8-5B8C-4913-967C-C8AF4701710C}.Debug|Any CPU.Deploy.0 = Debug|Any CPU
		{BA9A90E8-5B8C-4913-967C-C8AF4701710C}.Release|Any CPU.ActiveCfg = Release|Any CPU
		{BA9A90E8-5B8C-4913-967C-C8AF4701710C}.Release|Any CPU.Build.0 = Release|Any CPU
		{BA9A90E8-5B8C-4913-967C-C8AF4701710C}.Release|Any CPU.Deploy.0 = Release|Any CPU
	EndGlobalSection
	GlobalSection(SolutionProperties) = preSolution
		HideSolutionNode = FALSE
	EndGlobalSection
	GlobalSection(ExtensibilityGlobals) = postSolution
		SolutionGuid = {D0929035-0209-4B11-8CF5-3FB7F2608290}
	EndGlobalSection
EndGlobal
